
Microsoft Visual Studio Solution File, Format Version 12.00
# Visual Studio Version 16
VisualStudioVersion = 16.0.28922.388
MinimumVisualStudioVersion = 10.0.40219.1
Project("{2150E333-8FDC-42A3-9474-1A3956D46DE8}") = "Week01", "Week01", "{2D65AE92-AC5B-4E5B-B42E-15B4C557D8DC}"
EndProject
Project("{FAE04EC0-301F-11D3-BF4B-00C04F79EFBC}") = "Example01", "week01\Example01\Example01.csproj", "{E8C1F017-1377-4F40-AADA-1801F628FBA2}"
EndProject
Project("{FAE04EC0-301F-11D3-BF4B-00C04F79EFBC}") = "Example02", "week01\Example02\Example02.csproj", "{62D98048-54D9-4819-A6F6-0A94454A93A8}"
EndProject
Project("{FAE04EC0-301F-11D3-BF4B-00C04F79EFBC}") = "Homework01", "week01\Homework01\Homework01.csproj", "{23282A84-A54C-4126-B6DF-D9E69D88328F}"
EndProject
Project("{FAE04EC0-301F-11D3-BF4B-00C04F79EFBC}") = "Example01", "week02\Example01\Example01.csproj", "{8E2094C9-FD1B-44E1-945B-B43B83D05A6F}"
EndProject
Project("{2150E333-8FDC-42A3-9474-1A3956D46DE8}") = "Week02", "Week02", "{5E4192D2-12C7-420E-916B-AFA6234473A9}"
EndProject
Project("{FAE04EC0-301F-11D3-BF4B-00C04F79EFBC}") = "Homework02", "week02\Homework02\Homework02.csproj", "{2326F397-7581-451C-BA6D-AB8461996A12}"
EndProject
Project("{FAE04EC0-301F-11D3-BF4B-00C04F79EFBC}") = "Example01", "week03\Example01\Example01.csproj", "{7AE08E67-D151-462F-B175-EAEE00CFA4F5}"
EndProject
Project("{2150E333-8FDC-42A3-9474-1A3956D46DE8}") = "Week03", "Week03", "{E0A138CD-699C-4281-8F91-C22665D07DF6}"
EndProject
Project("{FAE04EC0-301F-11D3-BF4B-00C04F79EFBC}") = "Homework03", "week03\Homework03\Homework03.csproj", "{73449A5B-C0BA-4B16-BAB9-21968E65FFFE}"
EndProject
Project("{2150E333-8FDC-42A3-9474-1A3956D46DE8}") = "Week04", "Week04", "{84D6D08D-B8AE-48F4-B8BB-73ECDCC76FE0}"
EndProject
Project("{FAE04EC0-301F-11D3-BF4B-00C04F79EFBC}") = "Example01", "week04\Example01\Example01.csproj", "{7162D6E8-D13B-4EB5-B47B-59A7150AE909}"
EndProject
Project("{FAE04EC0-301F-11D3-BF4B-00C04F79EFBC}") = "Example02", "week04\Example02\Example02.csproj", "{36B19DF8-12C9-4393-AA3E-E87C2C9E8E77}"
EndProject
Project("{FAE04EC0-301F-11D3-BF4B-00C04F79EFBC}") = "Example03", "week04\Example03\Example03.csproj", "{92626274-F9FE-41C6-9CD3-2D632E32B9EC}"
EndProject
Project("{FAE04EC0-301F-11D3-BF4B-00C04F79EFBC}") = "Homework04", "week04\Homework04\Homework04.csproj", "{A6E697C8-FE5A-4970-A936-835E7FB8E204}"
EndProject
Project("{2150E333-8FDC-42A3-9474-1A3956D46DE8}") = "Week05", "Week05", "{333394AB-4059-4347-B0EF-E945E58D934A}"
EndProject
Project("{FAE04EC0-301F-11D3-BF4B-00C04F79EFBC}") = "Example01", "week05\Example01\Example01.csproj", "{7211BBAD-E1F1-472B-BD99-692790FE37AD}"
EndProject
Project("{FAE04EC0-301F-11D3-BF4B-00C04F79EFBC}") = "Example02", "week05\Example02\Example02.csproj", "{56C933C6-1D09-4ED1-8563-AA166AB1D9AD}"
EndProject
Project("{FAE04EC0-301F-11D3-BF4B-00C04F79EFBC}") = "Example04", "week05\Example04\Example04.csproj", "{1B21B815-147E-442A-A231-8BECA4E3BF30}"
EndProject
Project("{FAE04EC0-301F-11D3-BF4B-00C04F79EFBC}") = "Example03", "week05\Example03\Example03.csproj", "{1BD64C4D-3514-491C-9D2D-BA5447AC9A17}"
EndProject
Project("{FAE04EC0-301F-11D3-BF4B-00C04F79EFBC}") = "Homework05", "week05\Homework05\Homework05.csproj", "{6A92B954-7316-4E0F-96EA-050FA96EB25B}"
EndProject
Project("{2150E333-8FDC-42A3-9474-1A3956D46DE8}") = "Week06", "Week06", "{587885ED-F18F-40A4-B989-6EC4969C92B7}"
EndProject
Project("{FAE04EC0-301F-11D3-BF4B-00C04F79EFBC}") = "Example02", "week06\Example02\Example02.csproj", "{735C589A-BB8B-4AFC-8310-61E44327A9F9}"
EndProject
Project("{FAE04EC0-301F-11D3-BF4B-00C04F79EFBC}") = "Example03", "week06\Example03\Example03.csproj", "{A2B9B369-6C82-4AFA-B614-AAD36A13AA4E}"
EndProject
Project("{FAE04EC0-301F-11D3-BF4B-00C04F79EFBC}") = "Example04", "week06\Example04\Example04.csproj", "{1123BDF5-13F0-4030-8D99-456E8A955C6F}"
EndProject
Project("{FAE04EC0-301F-11D3-BF4B-00C04F79EFBC}") = "Example05", "week06\Example05\Example05.csproj", "{40407B43-C3AA-48CA-8E46-88AD5BB5201B}"
EndProject
Project("{FAE04EC0-301F-11D3-BF4B-00C04F79EFBC}") = "Example06", "week06\Example06\Example06.csproj", "{6BFA19BF-7DF9-42ED-83BC-441BE284DB2F}"
EndProject
Project("{FAE04EC0-301F-11D3-BF4B-00C04F79EFBC}") = "Homework06", "week06\Homework06\Homework06.csproj", "{F9724683-0E36-458D-A4ED-4BD4F564651D}"
EndProject
Project("{FAE04EC0-301F-11D3-BF4B-00C04F79EFBC}") = "Example01", "week06\Example01\Example01.csproj", "{946AACBD-0D44-4FC6-B469-BC54AEACEE82}"
EndProject
Project("{FAE04EC0-301F-11D3-BF4B-00C04F79EFBC}") = "Example01", "week07\Example01\Example01.csproj", "{2F133FF3-AE17-4015-9E7A-12445381F3DC}"
EndProject
Project("{2150E333-8FDC-42A3-9474-1A3956D46DE8}") = "week07", "week07", "{F6271E1F-FD50-4411-ABFD-E216241010AD}"
EndProject
Project("{FAE04EC0-301F-11D3-BF4B-00C04F79EFBC}") = "Example02", "week07\Example02\Example02.csproj", "{1AE6BE98-C8CE-4C60-95AF-5C66F43274EE}"
EndProject
Project("{FAE04EC0-301F-11D3-BF4B-00C04F79EFBC}") = "Homework07", "week07\Homework07\Homework07.csproj", "{8E7A7BCF-71E0-4F5A-94E5-1D8529DB5E67}"
EndProject
Project("{2150E333-8FDC-42A3-9474-1A3956D46DE8}") = "week08", "week08", "{CF45E7AE-6483-493F-A474-278EE37285AD}"
EndProject
Project("{FAE04EC0-301F-11D3-BF4B-00C04F79EFBC}") = "Example01", "week08\Example01\Example01.csproj", "{963659CA-6578-42C5-B09F-80A54EC1AD5E}"
EndProject
Project("{FAE04EC0-301F-11D3-BF4B-00C04F79EFBC}") = "Example02", "week08\Example02\Example02.csproj", "{0FBFF8D6-73C5-4922-9382-11C4C2078F91}"
EndProject
Project("{FAE04EC0-301F-11D3-BF4B-00C04F79EFBC}") = "Example03", "week08\Example03\Example03.csproj", "{1D18A564-B9A4-4BDB-A544-83F63ED71FE2}"
EndProject
Project("{FAE04EC0-301F-11D3-BF4B-00C04F79EFBC}") = "Example04", "week08\Example04\Example04.csproj", "{1BFB69A6-1910-44A9-BCAF-EAEF18C259EC}"
EndProject
Project("{FAE04EC0-301F-11D3-BF4B-00C04F79EFBC}") = "Example05", "week08\Example05\Example05.csproj", "{26625962-2A4A-40F5-A485-BBD84D9E3DD2}"
EndProject
Project("{FAE04EC0-301F-11D3-BF4B-00C04F79EFBC}") = "Homework08", "week08\Homework08\Homework08.csproj", "{FC57CAF4-BE8C-4A0E-95BA-C2D25FF5762C}"
EndProject
Project("{FAE04EC0-301F-11D3-BF4B-00C04F79EFBC}") = "Example01", "week09\Example01\Example01.csproj", "{5C76CB10-7DFB-4EC2-B466-5E65BF70E933}"
EndProject
Project("{FAE04EC0-301F-11D3-BF4B-00C04F79EFBC}") = "Example02", "week09\Example02\Example02.csproj", "{B1E59F49-D46E-4AAE-8295-F6C5072D40FD}"
EndProject
Project("{2150E333-8FDC-42A3-9474-1A3956D46DE8}") = "week09", "week09", "{8C2BB6C5-68A4-408C-92DD-E416B6D2C374}"
EndProject
Project("{FAE04EC0-301F-11D3-BF4B-00C04F79EFBC}") = "Example03", "week09\Example03\Example03.csproj", "{90340984-7064-4548-960E-FD6511A8C5FD}"
EndProject
Project("{FAE04EC0-301F-11D3-BF4B-00C04F79EFBC}") = "Example04", "week09\Example04\Example04.csproj", "{59B4A1B1-756D-4ACB-9CBD-B591644F919A}"
EndProject
Global
	GlobalSection(SolutionConfigurationPlatforms) = preSolution
		Debug|Any CPU = Debug|Any CPU
		Release|Any CPU = Release|Any CPU
	EndGlobalSection
	GlobalSection(ProjectConfigurationPlatforms) = postSolution
		{E8C1F017-1377-4F40-AADA-1801F628FBA2}.Debug|Any CPU.ActiveCfg = Debug|Any CPU
		{E8C1F017-1377-4F40-AADA-1801F628FBA2}.Debug|Any CPU.Build.0 = Debug|Any CPU
		{E8C1F017-1377-4F40-AADA-1801F628FBA2}.Release|Any CPU.ActiveCfg = Release|Any CPU
		{E8C1F017-1377-4F40-AADA-1801F628FBA2}.Release|Any CPU.Build.0 = Release|Any CPU
		{62D98048-54D9-4819-A6F6-0A94454A93A8}.Debug|Any CPU.ActiveCfg = Debug|Any CPU
		{62D98048-54D9-4819-A6F6-0A94454A93A8}.Debug|Any CPU.Build.0 = Debug|Any CPU
		{62D98048-54D9-4819-A6F6-0A94454A93A8}.Release|Any CPU.ActiveCfg = Release|Any CPU
		{62D98048-54D9-4819-A6F6-0A94454A93A8}.Release|Any CPU.Build.0 = Release|Any CPU
		{23282A84-A54C-4126-B6DF-D9E69D88328F}.Debug|Any CPU.ActiveCfg = Debug|Any CPU
		{23282A84-A54C-4126-B6DF-D9E69D88328F}.Debug|Any CPU.Build.0 = Debug|Any CPU
		{23282A84-A54C-4126-B6DF-D9E69D88328F}.Release|Any CPU.ActiveCfg = Release|Any CPU
		{23282A84-A54C-4126-B6DF-D9E69D88328F}.Release|Any CPU.Build.0 = Release|Any CPU
		{8E2094C9-FD1B-44E1-945B-B43B83D05A6F}.Debug|Any CPU.ActiveCfg = Debug|Any CPU
		{8E2094C9-FD1B-44E1-945B-B43B83D05A6F}.Debug|Any CPU.Build.0 = Debug|Any CPU
		{8E2094C9-FD1B-44E1-945B-B43B83D05A6F}.Release|Any CPU.ActiveCfg = Release|Any CPU
		{8E2094C9-FD1B-44E1-945B-B43B83D05A6F}.Release|Any CPU.Build.0 = Release|Any CPU
		{2326F397-7581-451C-BA6D-AB8461996A12}.Debug|Any CPU.ActiveCfg = Debug|Any CPU
		{2326F397-7581-451C-BA6D-AB8461996A12}.Debug|Any CPU.Build.0 = Debug|Any CPU
		{2326F397-7581-451C-BA6D-AB8461996A12}.Release|Any CPU.ActiveCfg = Release|Any CPU
		{2326F397-7581-451C-BA6D-AB8461996A12}.Release|Any CPU.Build.0 = Release|Any CPU
		{7AE08E67-D151-462F-B175-EAEE00CFA4F5}.Debug|Any CPU.ActiveCfg = Debug|Any CPU
		{7AE08E67-D151-462F-B175-EAEE00CFA4F5}.Debug|Any CPU.Build.0 = Debug|Any CPU
		{7AE08E67-D151-462F-B175-EAEE00CFA4F5}.Release|Any CPU.ActiveCfg = Release|Any CPU
		{7AE08E67-D151-462F-B175-EAEE00CFA4F5}.Release|Any CPU.Build.0 = Release|Any CPU
		{73449A5B-C0BA-4B16-BAB9-21968E65FFFE}.Debug|Any CPU.ActiveCfg = Debug|Any CPU
		{73449A5B-C0BA-4B16-BAB9-21968E65FFFE}.Debug|Any CPU.Build.0 = Debug|Any CPU
		{73449A5B-C0BA-4B16-BAB9-21968E65FFFE}.Release|Any CPU.ActiveCfg = Release|Any CPU
		{73449A5B-C0BA-4B16-BAB9-21968E65FFFE}.Release|Any CPU.Build.0 = Release|Any CPU
		{7162D6E8-D13B-4EB5-B47B-59A7150AE909}.Debug|Any CPU.ActiveCfg = Debug|Any CPU
		{7162D6E8-D13B-4EB5-B47B-59A7150AE909}.Debug|Any CPU.Build.0 = Debug|Any CPU
		{7162D6E8-D13B-4EB5-B47B-59A7150AE909}.Release|Any CPU.ActiveCfg = Release|Any CPU
		{7162D6E8-D13B-4EB5-B47B-59A7150AE909}.Release|Any CPU.Build.0 = Release|Any CPU
		{36B19DF8-12C9-4393-AA3E-E87C2C9E8E77}.Debug|Any CPU.ActiveCfg = Debug|Any CPU
		{36B19DF8-12C9-4393-AA3E-E87C2C9E8E77}.Debug|Any CPU.Build.0 = Debug|Any CPU
		{36B19DF8-12C9-4393-AA3E-E87C2C9E8E77}.Release|Any CPU.ActiveCfg = Release|Any CPU
		{36B19DF8-12C9-4393-AA3E-E87C2C9E8E77}.Release|Any CPU.Build.0 = Release|Any CPU
		{92626274-F9FE-41C6-9CD3-2D632E32B9EC}.Debug|Any CPU.ActiveCfg = Debug|Any CPU
		{92626274-F9FE-41C6-9CD3-2D632E32B9EC}.Debug|Any CPU.Build.0 = Debug|Any CPU
		{92626274-F9FE-41C6-9CD3-2D632E32B9EC}.Release|Any CPU.ActiveCfg = Release|Any CPU
		{92626274-F9FE-41C6-9CD3-2D632E32B9EC}.Release|Any CPU.Build.0 = Release|Any CPU
		{A6E697C8-FE5A-4970-A936-835E7FB8E204}.Debug|Any CPU.ActiveCfg = Debug|Any CPU
		{A6E697C8-FE5A-4970-A936-835E7FB8E204}.Debug|Any CPU.Build.0 = Debug|Any CPU
		{A6E697C8-FE5A-4970-A936-835E7FB8E204}.Release|Any CPU.ActiveCfg = Release|Any CPU
		{A6E697C8-FE5A-4970-A936-835E7FB8E204}.Release|Any CPU.Build.0 = Release|Any CPU
		{7211BBAD-E1F1-472B-BD99-692790FE37AD}.Debug|Any CPU.ActiveCfg = Debug|Any CPU
		{7211BBAD-E1F1-472B-BD99-692790FE37AD}.Debug|Any CPU.Build.0 = Debug|Any CPU
		{7211BBAD-E1F1-472B-BD99-692790FE37AD}.Release|Any CPU.ActiveCfg = Release|Any CPU
		{7211BBAD-E1F1-472B-BD99-692790FE37AD}.Release|Any CPU.Build.0 = Release|Any CPU
		{56C933C6-1D09-4ED1-8563-AA166AB1D9AD}.Debug|Any CPU.ActiveCfg = Debug|Any CPU
		{56C933C6-1D09-4ED1-8563-AA166AB1D9AD}.Debug|Any CPU.Build.0 = Debug|Any CPU
		{56C933C6-1D09-4ED1-8563-AA166AB1D9AD}.Release|Any CPU.ActiveCfg = Release|Any CPU
		{56C933C6-1D09-4ED1-8563-AA166AB1D9AD}.Release|Any CPU.Build.0 = Release|Any CPU
		{1B21B815-147E-442A-A231-8BECA4E3BF30}.Debug|Any CPU.ActiveCfg = Debug|Any CPU
		{1B21B815-147E-442A-A231-8BECA4E3BF30}.Debug|Any CPU.Build.0 = Debug|Any CPU
		{1B21B815-147E-442A-A231-8BECA4E3BF30}.Release|Any CPU.ActiveCfg = Release|Any CPU
		{1B21B815-147E-442A-A231-8BECA4E3BF30}.Release|Any CPU.Build.0 = Release|Any CPU
		{1BD64C4D-3514-491C-9D2D-BA5447AC9A17}.Debug|Any CPU.ActiveCfg = Debug|Any CPU
		{1BD64C4D-3514-491C-9D2D-BA5447AC9A17}.Debug|Any CPU.Build.0 = Debug|Any CPU
		{1BD64C4D-3514-491C-9D2D-BA5447AC9A17}.Release|Any CPU.ActiveCfg = Release|Any CPU
		{1BD64C4D-3514-491C-9D2D-BA5447AC9A17}.Release|Any CPU.Build.0 = Release|Any CPU
		{6A92B954-7316-4E0F-96EA-050FA96EB25B}.Debug|Any CPU.ActiveCfg = Debug|Any CPU
		{6A92B954-7316-4E0F-96EA-050FA96EB25B}.Debug|Any CPU.Build.0 = Debug|Any CPU
		{6A92B954-7316-4E0F-96EA-050FA96EB25B}.Release|Any CPU.ActiveCfg = Release|Any CPU
		{6A92B954-7316-4E0F-96EA-050FA96EB25B}.Release|Any CPU.Build.0 = Release|Any CPU
		{735C589A-BB8B-4AFC-8310-61E44327A9F9}.Debug|Any CPU.ActiveCfg = Debug|Any CPU
		{735C589A-BB8B-4AFC-8310-61E44327A9F9}.Debug|Any CPU.Build.0 = Debug|Any CPU
		{735C589A-BB8B-4AFC-8310-61E44327A9F9}.Release|Any CPU.ActiveCfg = Release|Any CPU
		{735C589A-BB8B-4AFC-8310-61E44327A9F9}.Release|Any CPU.Build.0 = Release|Any CPU
		{A2B9B369-6C82-4AFA-B614-AAD36A13AA4E}.Debug|Any CPU.ActiveCfg = Debug|Any CPU
		{A2B9B369-6C82-4AFA-B614-AAD36A13AA4E}.Debug|Any CPU.Build.0 = Debug|Any CPU
		{A2B9B369-6C82-4AFA-B614-AAD36A13AA4E}.Release|Any CPU.ActiveCfg = Release|Any CPU
		{A2B9B369-6C82-4AFA-B614-AAD36A13AA4E}.Release|Any CPU.Build.0 = Release|Any CPU
		{1123BDF5-13F0-4030-8D99-456E8A955C6F}.Debug|Any CPU.ActiveCfg = Debug|Any CPU
		{1123BDF5-13F0-4030-8D99-456E8A955C6F}.Debug|Any CPU.Build.0 = Debug|Any CPU
		{1123BDF5-13F0-4030-8D99-456E8A955C6F}.Release|Any CPU.ActiveCfg = Release|Any CPU
		{1123BDF5-13F0-4030-8D99-456E8A955C6F}.Release|Any CPU.Build.0 = Release|Any CPU
		{40407B43-C3AA-48CA-8E46-88AD5BB5201B}.Debug|Any CPU.ActiveCfg = Debug|Any CPU
		{40407B43-C3AA-48CA-8E46-88AD5BB5201B}.Debug|Any CPU.Build.0 = Debug|Any CPU
		{40407B43-C3AA-48CA-8E46-88AD5BB5201B}.Release|Any CPU.ActiveCfg = Release|Any CPU
		{40407B43-C3AA-48CA-8E46-88AD5BB5201B}.Release|Any CPU.Build.0 = Release|Any CPU
		{6BFA19BF-7DF9-42ED-83BC-441BE284DB2F}.Debug|Any CPU.ActiveCfg = Debug|Any CPU
		{6BFA19BF-7DF9-42ED-83BC-441BE284DB2F}.Debug|Any CPU.Build.0 = Debug|Any CPU
		{6BFA19BF-7DF9-42ED-83BC-441BE284DB2F}.Release|Any CPU.ActiveCfg = Release|Any CPU
		{6BFA19BF-7DF9-42ED-83BC-441BE284DB2F}.Release|Any CPU.Build.0 = Release|Any CPU
		{F9724683-0E36-458D-A4ED-4BD4F564651D}.Debug|Any CPU.ActiveCfg = Debug|Any CPU
		{F9724683-0E36-458D-A4ED-4BD4F564651D}.Debug|Any CPU.Build.0 = Debug|Any CPU
		{F9724683-0E36-458D-A4ED-4BD4F564651D}.Release|Any CPU.ActiveCfg = Release|Any CPU
		{F9724683-0E36-458D-A4ED-4BD4F564651D}.Release|Any CPU.Build.0 = Release|Any CPU
		{946AACBD-0D44-4FC6-B469-BC54AEACEE82}.Debug|Any CPU.ActiveCfg = Debug|Any CPU
		{946AACBD-0D44-4FC6-B469-BC54AEACEE82}.Debug|Any CPU.Build.0 = Debug|Any CPU
		{946AACBD-0D44-4FC6-B469-BC54AEACEE82}.Release|Any CPU.ActiveCfg = Release|Any CPU
		{946AACBD-0D44-4FC6-B469-BC54AEACEE82}.Release|Any CPU.Build.0 = Release|Any CPU
		{2F133FF3-AE17-4015-9E7A-12445381F3DC}.Debug|Any CPU.ActiveCfg = Debug|Any CPU
		{2F133FF3-AE17-4015-9E7A-12445381F3DC}.Debug|Any CPU.Build.0 = Debug|Any CPU
		{2F133FF3-AE17-4015-9E7A-12445381F3DC}.Release|Any CPU.ActiveCfg = Release|Any CPU
		{2F133FF3-AE17-4015-9E7A-12445381F3DC}.Release|Any CPU.Build.0 = Release|Any CPU
		{1AE6BE98-C8CE-4C60-95AF-5C66F43274EE}.Debug|Any CPU.ActiveCfg = Debug|Any CPU
		{1AE6BE98-C8CE-4C60-95AF-5C66F43274EE}.Debug|Any CPU.Build.0 = Debug|Any CPU
		{1AE6BE98-C8CE-4C60-95AF-5C66F43274EE}.Release|Any CPU.ActiveCfg = Release|Any CPU
		{1AE6BE98-C8CE-4C60-95AF-5C66F43274EE}.Release|Any CPU.Build.0 = Release|Any CPU
		{8E7A7BCF-71E0-4F5A-94E5-1D8529DB5E67}.Debug|Any CPU.ActiveCfg = Debug|Any CPU
		{8E7A7BCF-71E0-4F5A-94E5-1D8529DB5E67}.Debug|Any CPU.Build.0 = Debug|Any CPU
		{8E7A7BCF-71E0-4F5A-94E5-1D8529DB5E67}.Release|Any CPU.ActiveCfg = Release|Any CPU
		{8E7A7BCF-71E0-4F5A-94E5-1D8529DB5E67}.Release|Any CPU.Build.0 = Release|Any CPU
		{963659CA-6578-42C5-B09F-80A54EC1AD5E}.Debug|Any CPU.ActiveCfg = Debug|Any CPU
		{963659CA-6578-42C5-B09F-80A54EC1AD5E}.Debug|Any CPU.Build.0 = Debug|Any CPU
		{963659CA-6578-42C5-B09F-80A54EC1AD5E}.Release|Any CPU.ActiveCfg = Release|Any CPU
		{963659CA-6578-42C5-B09F-80A54EC1AD5E}.Release|Any CPU.Build.0 = Release|Any CPU
		{0FBFF8D6-73C5-4922-9382-11C4C2078F91}.Debug|Any CPU.ActiveCfg = Debug|Any CPU
		{0FBFF8D6-73C5-4922-9382-11C4C2078F91}.Debug|Any CPU.Build.0 = Debug|Any CPU
		{0FBFF8D6-73C5-4922-9382-11C4C2078F91}.Release|Any CPU.ActiveCfg = Release|Any CPU
		{0FBFF8D6-73C5-4922-9382-11C4C2078F91}.Release|Any CPU.Build.0 = Release|Any CPU
		{1D18A564-B9A4-4BDB-A544-83F63ED71FE2}.Debug|Any CPU.ActiveCfg = Debug|Any CPU
		{1D18A564-B9A4-4BDB-A544-83F63ED71FE2}.Debug|Any CPU.Build.0 = Debug|Any CPU
		{1D18A564-B9A4-4BDB-A544-83F63ED71FE2}.Release|Any CPU.ActiveCfg = Release|Any CPU
		{1D18A564-B9A4-4BDB-A544-83F63ED71FE2}.Release|Any CPU.Build.0 = Release|Any CPU
		{1BFB69A6-1910-44A9-BCAF-EAEF18C259EC}.Debug|Any CPU.ActiveCfg = Debug|Any CPU
		{1BFB69A6-1910-44A9-BCAF-EAEF18C259EC}.Debug|Any CPU.Build.0 = Debug|Any CPU
		{1BFB69A6-1910-44A9-BCAF-EAEF18C259EC}.Release|Any CPU.ActiveCfg = Release|Any CPU
		{1BFB69A6-1910-44A9-BCAF-EAEF18C259EC}.Release|Any CPU.Build.0 = Release|Any CPU
		{26625962-2A4A-40F5-A485-BBD84D9E3DD2}.Debug|Any CPU.ActiveCfg = Debug|Any CPU
		{26625962-2A4A-40F5-A485-BBD84D9E3DD2}.Debug|Any CPU.Build.0 = Debug|Any CPU
		{26625962-2A4A-40F5-A485-BBD84D9E3DD2}.Release|Any CPU.ActiveCfg = Release|Any CPU
		{26625962-2A4A-40F5-A485-BBD84D9E3DD2}.Release|Any CPU.Build.0 = Release|Any CPU
		{FC57CAF4-BE8C-4A0E-95BA-C2D25FF5762C}.Debug|Any CPU.ActiveCfg = Debug|Any CPU
		{FC57CAF4-BE8C-4A0E-95BA-C2D25FF5762C}.Debug|Any CPU.Build.0 = Debug|Any CPU
		{FC57CAF4-BE8C-4A0E-95BA-C2D25FF5762C}.Release|Any CPU.ActiveCfg = Release|Any CPU
		{FC57CAF4-BE8C-4A0E-95BA-C2D25FF5762C}.Release|Any CPU.Build.0 = Release|Any CPU
		{5C76CB10-7DFB-4EC2-B466-5E65BF70E933}.Debug|Any CPU.ActiveCfg = Debug|Any CPU
		{5C76CB10-7DFB-4EC2-B466-5E65BF70E933}.Debug|Any CPU.Build.0 = Debug|Any CPU
		{5C76CB10-7DFB-4EC2-B466-5E65BF70E933}.Release|Any CPU.ActiveCfg = Release|Any CPU
		{5C76CB10-7DFB-4EC2-B466-5E65BF70E933}.Release|Any CPU.Build.0 = Release|Any CPU
		{B1E59F49-D46E-4AAE-8295-F6C5072D40FD}.Debug|Any CPU.ActiveCfg = Debug|Any CPU
		{B1E59F49-D46E-4AAE-8295-F6C5072D40FD}.Debug|Any CPU.Build.0 = Debug|Any CPU
		{B1E59F49-D46E-4AAE-8295-F6C5072D40FD}.Release|Any CPU.ActiveCfg = Release|Any CPU
		{B1E59F49-D46E-4AAE-8295-F6C5072D40FD}.Release|Any CPU.Build.0 = Release|Any CPU
		{90340984-7064-4548-960E-FD6511A8C5FD}.Debug|Any CPU.ActiveCfg = Debug|Any CPU
		{90340984-7064-4548-960E-FD6511A8C5FD}.Debug|Any CPU.Build.0 = Debug|Any CPU
		{90340984-7064-4548-960E-FD6511A8C5FD}.Release|Any CPU.ActiveCfg = Release|Any CPU
		{90340984-7064-4548-960E-FD6511A8C5FD}.Release|Any CPU.Build.0 = Release|Any CPU
		{59B4A1B1-756D-4ACB-9CBD-B591644F919A}.Debug|Any CPU.ActiveCfg = Debug|Any CPU
		{59B4A1B1-756D-4ACB-9CBD-B591644F919A}.Debug|Any CPU.Build.0 = Debug|Any CPU
		{59B4A1B1-756D-4ACB-9CBD-B591644F919A}.Release|Any CPU.ActiveCfg = Release|Any CPU
		{59B4A1B1-756D-4ACB-9CBD-B591644F919A}.Release|Any CPU.Build.0 = Release|Any CPU
	EndGlobalSection
	GlobalSection(SolutionProperties) = preSolution
		HideSolutionNode = FALSE
	EndGlobalSection
	GlobalSection(NestedProjects) = preSolution
		{E8C1F017-1377-4F40-AADA-1801F628FBA2} = {2D65AE92-AC5B-4E5B-B42E-15B4C557D8DC}
		{62D98048-54D9-4819-A6F6-0A94454A93A8} = {2D65AE92-AC5B-4E5B-B42E-15B4C557D8DC}
		{23282A84-A54C-4126-B6DF-D9E69D88328F} = {2D65AE92-AC5B-4E5B-B42E-15B4C557D8DC}
		{8E2094C9-FD1B-44E1-945B-B43B83D05A6F} = {5E4192D2-12C7-420E-916B-AFA6234473A9}
		{2326F397-7581-451C-BA6D-AB8461996A12} = {5E4192D2-12C7-420E-916B-AFA6234473A9}
		{7AE08E67-D151-462F-B175-EAEE00CFA4F5} = {E0A138CD-699C-4281-8F91-C22665D07DF6}
		{73449A5B-C0BA-4B16-BAB9-21968E65FFFE} = {E0A138CD-699C-4281-8F91-C22665D07DF6}
		{7162D6E8-D13B-4EB5-B47B-59A7150AE909} = {84D6D08D-B8AE-48F4-B8BB-73ECDCC76FE0}
		{36B19DF8-12C9-4393-AA3E-E87C2C9E8E77} = {84D6D08D-B8AE-48F4-B8BB-73ECDCC76FE0}
		{92626274-F9FE-41C6-9CD3-2D632E32B9EC} = {84D6D08D-B8AE-48F4-B8BB-73ECDCC76FE0}
		{A6E697C8-FE5A-4970-A936-835E7FB8E204} = {84D6D08D-B8AE-48F4-B8BB-73ECDCC76FE0}
		{7211BBAD-E1F1-472B-BD99-692790FE37AD} = {333394AB-4059-4347-B0EF-E945E58D934A}
		{56C933C6-1D09-4ED1-8563-AA166AB1D9AD} = {333394AB-4059-4347-B0EF-E945E58D934A}
		{1B21B815-147E-442A-A231-8BECA4E3BF30} = {333394AB-4059-4347-B0EF-E945E58D934A}
		{1BD64C4D-3514-491C-9D2D-BA5447AC9A17} = {333394AB-4059-4347-B0EF-E945E58D934A}
		{6A92B954-7316-4E0F-96EA-050FA96EB25B} = {333394AB-4059-4347-B0EF-E945E58D934A}
		{735C589A-BB8B-4AFC-8310-61E44327A9F9} = {587885ED-F18F-40A4-B989-6EC4969C92B7}
		{A2B9B369-6C82-4AFA-B614-AAD36A13AA4E} = {587885ED-F18F-40A4-B989-6EC4969C92B7}
		{1123BDF5-13F0-4030-8D99-456E8A955C6F} = {587885ED-F18F-40A4-B989-6EC4969C92B7}
		{40407B43-C3AA-48CA-8E46-88AD5BB5201B} = {587885ED-F18F-40A4-B989-6EC4969C92B7}
		{6BFA19BF-7DF9-42ED-83BC-441BE284DB2F} = {587885ED-F18F-40A4-B989-6EC4969C92B7}
		{F9724683-0E36-458D-A4ED-4BD4F564651D} = {587885ED-F18F-40A4-B989-6EC4969C92B7}
		{946AACBD-0D44-4FC6-B469-BC54AEACEE82} = {587885ED-F18F-40A4-B989-6EC4969C92B7}
		{2F133FF3-AE17-4015-9E7A-12445381F3DC} = {F6271E1F-FD50-4411-ABFD-E216241010AD}
		{1AE6BE98-C8CE-4C60-95AF-5C66F43274EE} = {F6271E1F-FD50-4411-ABFD-E216241010AD}
		{8E7A7BCF-71E0-4F5A-94E5-1D8529DB5E67} = {F6271E1F-FD50-4411-ABFD-E216241010AD}
		{963659CA-6578-42C5-B09F-80A54EC1AD5E} = {CF45E7AE-6483-493F-A474-278EE37285AD}
		{0FBFF8D6-73C5-4922-9382-11C4C2078F91} = {CF45E7AE-6483-493F-A474-278EE37285AD}
		{1D18A564-B9A4-4BDB-A544-83F63ED71FE2} = {CF45E7AE-6483-493F-A474-278EE37285AD}
		{1BFB69A6-1910-44A9-BCAF-EAEF18C259EC} = {CF45E7AE-6483-493F-A474-278EE37285AD}
		{26625962-2A4A-40F5-A485-BBD84D9E3DD2} = {CF45E7AE-6483-493F-A474-278EE37285AD}
		{FC57CAF4-BE8C-4A0E-95BA-C2D25FF5762C} = {CF45E7AE-6483-493F-A474-278EE37285AD}
		{5C76CB10-7DFB-4EC2-B466-5E65BF70E933} = {8C2BB6C5-68A4-408C-92DD-E416B6D2C374}
		{B1E59F49-D46E-4AAE-8295-F6C5072D40FD} = {8C2BB6C5-68A4-408C-92DD-E416B6D2C374}
		{90340984-7064-4548-960E-FD6511A8C5FD} = {8C2BB6C5-68A4-408C-92DD-E416B6D2C374}
		{59B4A1B1-756D-4ACB-9CBD-B591644F919A} = {8C2BB6C5-68A4-408C-92DD-E416B6D2C374}
	EndGlobalSection
	GlobalSection(ExtensibilityGlobals) = postSolution
		SolutionGuid = {A415464C-1CBF-4447-B90A-7EA90D09A66F}
	EndGlobalSection
EndGlobal
