
Microsoft Visual Studio Solution File, Format Version 12.00
# Visual Studio Version 16
VisualStudioVersion = 16.0.28922.388
MinimumVisualStudioVersion = 10.0.40219.1
Project("{2150E333-8FDC-42A3-9474-1A3956D46DE8}") = "Week01", "Week01", "{2D65AE92-AC5B-4E5B-B42E-15B4C557D8DC}"
EndProject
Project("{FAE04EC0-301F-11D3-BF4B-00C04F79EFBC}") = "Example01", "week01\Example01\Example01.csproj", "{E8C1F017-1377-4F40-AADA-1801F628FBA2}"
EndProject
Project("{FAE04EC0-301F-11D3-BF4B-00C04F79EFBC}") = "Example02", "week01\Example02\Example02.csproj", "{62D98048-54D9-4819-A6F6-0A94454A93A8}"
EndProject
Project("{FAE04EC0-301F-11D3-BF4B-00C04F79EFBC}") = "Homework01", "week01\Homework01\Homework01.csproj", "{23282A84-A54C-4126-B6DF-D9E69D88328F}"
EndProject
Project("{FAE04EC0-301F-11D3-BF4B-00C04F79EFBC}") = "Example01", "week02\Example01\Example01.csproj", "{8E2094C9-FD1B-44E1-945B-B43B83D05A6F}"
EndProject
Project("{2150E333-8FDC-42A3-9474-1A3956D46DE8}") = "Week02", "Week02", "{5E4192D2-12C7-420E-916B-AFA6234473A9}"
EndProject
Project("{FAE04EC0-301F-11D3-BF4B-00C04F79EFBC}") = "Homework02", "week02\Homework02\Homework02.csproj", "{2326F397-7581-451C-BA6D-AB8461996A12}"
EndProject
Project("{FAE04EC0-301F-11D3-BF4B-00C04F79EFBC}") = "Example01", "week03\Example01\Example01.csproj", "{7AE08E67-D151-462F-B175-EAEE00CFA4F5}"
EndProject
Project("{2150E333-8FDC-42A3-9474-1A3956D46DE8}") = "Week03", "Week03", "{E0A138CD-699C-4281-8F91-C22665D07DF6}"
EndProject
Project("{FAE04EC0-301F-11D3-BF4B-00C04F79EFBC}") = "Homework03", "week03\Homework03\Homework03.csproj", "{73449A5B-C0BA-4B16-BAB9-21968E65FFFE}"
EndProject
Global
	GlobalSection(SolutionConfigurationPlatforms) = preSolution
		Debug|Any CPU = Debug|Any CPU
		Release|Any CPU = Release|Any CPU
	EndGlobalSection
	GlobalSection(ProjectConfigurationPlatforms) = postSolution
		{E8C1F017-1377-4F40-AADA-1801F628FBA2}.Debug|Any CPU.ActiveCfg = Debug|Any CPU
		{E8C1F017-1377-4F40-AADA-1801F628FBA2}.Debug|Any CPU.Build.0 = Debug|Any CPU
		{E8C1F017-1377-4F40-AADA-1801F628FBA2}.Release|Any CPU.ActiveCfg = Release|Any CPU
		{E8C1F017-1377-4F40-AADA-1801F628FBA2}.Release|Any CPU.Build.0 = Release|Any CPU
		{62D98048-54D9-4819-A6F6-0A94454A93A8}.Debug|Any CPU.ActiveCfg = Debug|Any CPU
		{62D98048-54D9-4819-A6F6-0A94454A93A8}.Debug|Any CPU.Build.0 = Debug|Any CPU
		{62D98048-54D9-4819-A6F6-0A94454A93A8}.Release|Any CPU.ActiveCfg = Release|Any CPU
		{62D98048-54D9-4819-A6F6-0A94454A93A8}.Release|Any CPU.Build.0 = Release|Any CPU
		{23282A84-A54C-4126-B6DF-D9E69D88328F}.Debug|Any CPU.ActiveCfg = Debug|Any CPU
		{23282A84-A54C-4126-B6DF-D9E69D88328F}.Debug|Any CPU.Build.0 = Debug|Any CPU
		{23282A84-A54C-4126-B6DF-D9E69D88328F}.Release|Any CPU.ActiveCfg = Release|Any CPU
		{23282A84-A54C-4126-B6DF-D9E69D88328F}.Release|Any CPU.Build.0 = Release|Any CPU
		{8E2094C9-FD1B-44E1-945B-B43B83D05A6F}.Debug|Any CPU.ActiveCfg = Debug|Any CPU
		{8E2094C9-FD1B-44E1-945B-B43B83D05A6F}.Debug|Any CPU.Build.0 = Debug|Any CPU
		{8E2094C9-FD1B-44E1-945B-B43B83D05A6F}.Release|Any CPU.ActiveCfg = Release|Any CPU
		{8E2094C9-FD1B-44E1-945B-B43B83D05A6F}.Release|Any CPU.Build.0 = Release|Any CPU
		{2326F397-7581-451C-BA6D-AB8461996A12}.Debug|Any CPU.ActiveCfg = Debug|Any CPU
		{2326F397-7581-451C-BA6D-AB8461996A12}.Debug|Any CPU.Build.0 = Debug|Any CPU
		{2326F397-7581-451C-BA6D-AB8461996A12}.Release|Any CPU.ActiveCfg = Release|Any CPU
		{2326F397-7581-451C-BA6D-AB8461996A12}.Release|Any CPU.Build.0 = Release|Any CPU
		{7AE08E67-D151-462F-B175-EAEE00CFA4F5}.Debug|Any CPU.ActiveCfg = Debug|Any CPU
		{7AE08E67-D151-462F-B175-EAEE00CFA4F5}.Debug|Any CPU.Build.0 = Debug|Any CPU
		{7AE08E67-D151-462F-B175-EAEE00CFA4F5}.Release|Any CPU.ActiveCfg = Release|Any CPU
		{7AE08E67-D151-462F-B175-EAEE00CFA4F5}.Release|Any CPU.Build.0 = Release|Any CPU
		{73449A5B-C0BA-4B16-BAB9-21968E65FFFE}.Debug|Any CPU.ActiveCfg = Debug|Any CPU
		{73449A5B-C0BA-4B16-BAB9-21968E65FFFE}.Debug|Any CPU.Build.0 = Debug|Any CPU
		{73449A5B-C0BA-4B16-BAB9-21968E65FFFE}.Release|Any CPU.ActiveCfg = Release|Any CPU
		{73449A5B-C0BA-4B16-BAB9-21968E65FFFE}.Release|Any CPU.Build.0 = Release|Any CPU
	EndGlobalSection
	GlobalSection(SolutionProperties) = preSolution
		HideSolutionNode = FALSE
	EndGlobalSection
	GlobalSection(NestedProjects) = preSolution
		{E8C1F017-1377-4F40-AADA-1801F628FBA2} = {2D65AE92-AC5B-4E5B-B42E-15B4C557D8DC}
		{62D98048-54D9-4819-A6F6-0A94454A93A8} = {2D65AE92-AC5B-4E5B-B42E-15B4C557D8DC}
		{23282A84-A54C-4126-B6DF-D9E69D88328F} = {2D65AE92-AC5B-4E5B-B42E-15B4C557D8DC}
		{8E2094C9-FD1B-44E1-945B-B43B83D05A6F} = {5E4192D2-12C7-420E-916B-AFA6234473A9}
		{2326F397-7581-451C-BA6D-AB8461996A12} = {5E4192D2-12C7-420E-916B-AFA6234473A9}
		{7AE08E67-D151-462F-B175-EAEE00CFA4F5} = {E0A138CD-699C-4281-8F91-C22665D07DF6}
		{73449A5B-C0BA-4B16-BAB9-21968E65FFFE} = {E0A138CD-699C-4281-8F91-C22665D07DF6}
	EndGlobalSection
	GlobalSection(ExtensibilityGlobals) = postSolution
		SolutionGuid = {A415464C-1CBF-4447-B90A-7EA90D09A66F}
	EndGlobalSection
EndGlobal
